{
  "pins" : [
    {
      "identity" : "alamofire",
      "kind" : "remoteSourceControl",
      "location" : "https://github.com/Alamofire/Alamofire",
      "state" : {
        "branch" : "master",
        "revision" : "f1f7a06f40c6aadb4beb2a78f380f9938d574fa7"
      }
    },
    {
      "identity" : "alamofirenetworkactivitylogger",
      "kind" : "remoteSourceControl",
      "location" : "https://github.com/konkab/AlamofireNetworkActivityLogger.git",
      "state" : {
        "branch" : "master",
        "revision" : "8db9d4e27176905298e7215e3d800e349cdfa30b"
      }
    }
  ],
  "version" : 2
}
